{
  "version": 4,
  "terraform_version": "1.14.8",
  "serial": 53,
  "lineage": "23ad9509-caf1-646b-6c46-0058c4447bb8",
  "outputs": {},
  "resources": [
    {
      "mode": "data",
      "type": "terraform_remote_state",
      "name": "btp",
      "provider": "provider[\"terraform.io/builtin/terraform\"]",
      "instances": [
        {
          "schema_version": 0,
          "attributes": {
            "backend": "local",
            "config": {
              "value": {
                "path": "../BTP/terraform.tfstate"
              },
              "type": [
                "object",
                {
                  "path": "string"
                }
              ]
            },
            "defaults": null,
            "outputs": {
              "value": {
                "cf_api_url": {
                  "dev_learning": "https://api.cf.us10-001.hana.ondemand.com",
                  "dev_loop": "https://api.cf.us10-001.hana.ondemand.com",
                  "dev_remap": "https://api.cf.us10-001.hana.ondemand.com",
                  "qa_loop": "https://api.cf.us10-001.hana.ondemand.com",
                  "qa_remap": "https://api.cf.us10-001.hana.ondemand.com"
                },
                "cf_landscape_label": {
                  "dev_learning": "cf-us10-001",
                  "dev_loop": "cf-us10-001",
                  "dev_remap": "cf-us10-001",
                  "qa_loop": "cf-us10-001",
                  "qa_remap": "cf-us10-001"
                },
                "cf_org_id": {
                  "dev_learning": "bc17c382-f726-4113-96e6-eab73b1e061c",
                  "dev_loop": "7594cb1b-da3a-40df-8d22-53000cdbc864",
                  "dev_remap": "7eed5e2e-6bed-490e-a0da-984d9e2535bd",
                  "qa_loop": "570ef022-f13d-4c2b-a675-109bc179262d",
                  "qa_remap": "22a99053-c1fb-46f7-b160-2986b0712fc2"
                },
                "subaccounts_metadata": {
                  "dev_learning": {
                    "project": "Loop",
                    "stage": "TEST"
                  },
                  "dev_loop": {
                    "project": "Loop",
                    "stage": "DEV"
                  },
                  "dev_remap": {
                    "project": "Remap",
                    "stage": "DEV"
                  },
                  "qa_loop": {
                    "project": "Loop",
                    "stage": "QA"
                  },
                  "qa_remap": {
                    "project": "Remap",
                    "stage": "QA"
                  }
                }
              },
              "type": [
                "object",
                {
                  "cf_api_url": [
                    "object",
                    {
                      "dev_learning": "string",
                      "dev_loop": "string",
                      "dev_remap": "string",
                      "qa_loop": "string",
                      "qa_remap": "string"
                    }
                  ],
                  "cf_landscape_label": [
                    "object",
                    {
                      "dev_learning": "string",
                      "dev_loop": "string",
                      "dev_remap": "string",
                      "qa_loop": "string",
                      "qa_remap": "string"
                    }
                  ],
                  "cf_org_id": [
                    "object",
                    {
                      "dev_learning": "string",
                      "dev_loop": "string",
                      "dev_remap": "string",
                      "qa_loop": "string",
                      "qa_remap": "string"
                    }
                  ],
                  "subaccounts_metadata": [
                    "object",
                    {
                      "dev_learning": [
                        "object",
                        {
                          "project": "string",
                          "stage": "string"
                        }
                      ],
                      "dev_loop": [
                        "object",
                        {
                          "project": "string",
                          "stage": "string"
                        }
                      ],
                      "dev_remap": [
                        "object",
                        {
                          "project": "string",
                          "stage": "string"
                        }
                      ],
                      "qa_loop": [
                        "object",
                        {
                          "project": "string",
                          "stage": "string"
                        }
                      ],
                      "qa_remap": [
                        "object",
                        {
                          "project": "string",
                          "stage": "string"
                        }
                      ]
                    }
                  ]
                }
              ]
            },
            "workspace": null
          },
          "sensitive_attributes": [],
          "identity_schema_version": 0
        }
      ]
    },
    {
      "mode": "managed",
      "type": "cloudfoundry_space",
      "name": "project_space",
      "provider": "provider[\"registry.terraform.io/cloudfoundry/cloudfoundry\"]",
      "instances": [
        {
          "index_key": "dev_learning",
          "schema_version": 0,
          "attributes": {
            "allow_ssh": true,
            "annotations": null,
            "created_at": "2026-04-21T07:37:17Z",
            "id": "94982d83-3354-4c99-82ef-e44699261459",
            "isolation_segment": null,
            "labels": null,
            "name": "test-loop",
            "org": "bc17c382-f726-4113-96e6-eab73b1e061c",
            "quota": null,
            "updated_at": "2026-04-21T07:37:17Z"
          },
          "sensitive_attributes": [],
          "identity_schema_version": 0,
          "identity": {
            "space_guid": "94982d83-3354-4c99-82ef-e44699261459"
          },
          "dependencies": [
            "data.terraform_remote_state.btp"
          ]
        },
        {
          "index_key": "dev_loop",
          "schema_version": 0,
          "attributes": {
            "allow_ssh": true,
            "annotations": null,
            "created_at": "2026-04-21T07:37:17Z",
            "id": "3f0efb6e-dc3b-46dd-b42f-a67083f2554d",
            "isolation_segment": null,
            "labels": null,
            "name": "dev-loop",
            "org": "7594cb1b-da3a-40df-8d22-53000cdbc864",
            "quota": null,
            "updated_at": "2026-04-21T07:37:17Z"
          },
          "sensitive_attributes": [],
          "identity_schema_version": 0,
          "identity": {
            "space_guid": "3f0efb6e-dc3b-46dd-b42f-a67083f2554d"
          },
          "dependencies": [
            "data.terraform_remote_state.btp"
          ]
        },
        {
          "index_key": "dev_remap",
          "schema_version": 0,
          "attributes": {
            "allow_ssh": true,
            "annotations": null,
            "created_at": "2026-04-21T07:45:56Z",
            "id": "c447a5f2-4b9f-4772-a379-dd54a70412d6",
            "isolation_segment": null,
            "labels": null,
            "name": "dev-remap",
            "org": "7eed5e2e-6bed-490e-a0da-984d9e2535bd",
            "quota": null,
            "updated_at": "2026-04-21T07:45:56Z"
          },
          "sensitive_attributes": [],
          "identity_schema_version": 0,
          "identity": {
            "space_guid": "c447a5f2-4b9f-4772-a379-dd54a70412d6"
          },
          "dependencies": [
            "data.terraform_remote_state.btp"
          ]
        },
        {
          "index_key": "qa_loop",
          "schema_version": 0,
          "attributes": {
            "allow_ssh": true,
            "annotations": null,
            "created_at": "2026-04-21T07:37:17Z",
            "id": "f1c6d005-b79d-43f3-beab-00d2ba10c21c",
            "isolation_segment": null,
            "labels": null,
            "name": "qa-loop",
            "org": "570ef022-f13d-4c2b-a675-109bc179262d",
            "quota": null,
            "updated_at": "2026-04-21T07:37:17Z"
          },
          "sensitive_attributes": [],
          "identity_schema_version": 0,
          "identity": {
            "space_guid": "f1c6d005-b79d-43f3-beab-00d2ba10c21c"
          },
          "dependencies": [
            "data.terraform_remote_state.btp"
          ]
        },
        {
          "index_key": "qa_remap",
          "schema_version": 0,
          "attributes": {
            "allow_ssh": true,
            "annotations": null,
            "created_at": "2026-04-21T11:05:16Z",
            "id": "bc8ec5eb-b150-4df7-8b71-e28dd46c9212",
            "isolation_segment": null,
            "labels": null,
            "name": "qa-remap",
            "org": "22a99053-c1fb-46f7-b160-2986b0712fc2",
            "quota": null,
            "updated_at": "2026-04-21T11:05:16Z"
          },
          "sensitive_attributes": [],
          "identity_schema_version": 0,
          "identity": {
            "space_guid": "bc8ec5eb-b150-4df7-8b71-e28dd46c9212"
          },
          "dependencies": [
            "data.terraform_remote_state.btp"
          ]
        }
      ]
    },
    {
      "mode": "managed",
      "type": "cloudfoundry_space_role",
      "name": "space_developer",
      "provider": "provider[\"registry.terraform.io/cloudfoundry/cloudfoundry\"]",
      "instances": [
        {
          "index_key": "dev_learning",
          "schema_version": 0,
          "attributes": {
            "created_at": "2026-04-21T11:06:07Z",
            "id": "ae8de511-2ecb-4cac-9a50-ed5c53e8a434",
            "origin": null,
            "space": "94982d83-3354-4c99-82ef-e44699261459",
            "type": "space_developer",
            "updated_at": "2026-04-21T11:06:07Z",
            "user": "9a9ac97a-413c-4455-91d3-b9ee9d03cbed",
            "username": "shubhamdssnrv007@gmail.com"
          },
          "sensitive_attributes": [
            [
              {
                "type": "get_attr",
                "value": "username"
              }
            ]
          ],
          "identity_schema_version": 0,
          "identity": {
            "role_guid": ""
          },
          "dependencies": [
            "cloudfoundry_space.project_space",
            "data.terraform_remote_state.btp"
          ]
        },
        {
          "index_key": "dev_loop",
          "schema_version": 0,
          "attributes": {
            "created_at": "2026-04-21T11:06:07Z",
            "id": "65411e75-43e8-4e80-9c77-a7dda3ad78ad",
            "origin": null,
            "space": "3f0efb6e-dc3b-46dd-b42f-a67083f2554d",
            "type": "space_developer",
            "updated_at": "2026-04-21T11:06:07Z",
            "user": "9a9ac97a-413c-4455-91d3-b9ee9d03cbed",
            "username": "shubhamdssnrv007@gmail.com"
          },
          "sensitive_attributes": [
            [
              {
                "type": "get_attr",
                "value": "username"
              }
            ]
          ],
          "identity_schema_version": 0,
          "identity": {
            "role_guid": ""
          },
          "dependencies": [
            "cloudfoundry_space.project_space",
            "data.terraform_remote_state.btp"
          ]
        },
        {
          "index_key": "dev_remap",
          "schema_version": 0,
          "attributes": {
            "created_at": "2026-04-21T11:06:07Z",
            "id": "9c96239b-e2cf-4919-ab3e-2acb52f63219",
            "origin": null,
            "space": "c447a5f2-4b9f-4772-a379-dd54a70412d6",
            "type": "space_developer",
            "updated_at": "2026-04-21T11:06:07Z",
            "user": "9a9ac97a-413c-4455-91d3-b9ee9d03cbed",
            "username": "shubhamdssnrv007@gmail.com"
          },
          "sensitive_attributes": [
            [
              {
                "type": "get_attr",
                "value": "username"
              }
            ]
          ],
          "identity_schema_version": 0,
          "identity": {
            "role_guid": ""
          },
          "dependencies": [
            "cloudfoundry_space.project_space",
            "data.terraform_remote_state.btp"
          ]
        },
        {
          "index_key": "qa_loop",
          "schema_version": 0,
          "attributes": {
            "created_at": "2026-04-21T11:06:07Z",
            "id": "12edbda1-3752-459e-a1cc-6b43bc26e614",
            "origin": null,
            "space": "f1c6d005-b79d-43f3-beab-00d2ba10c21c",
            "type": "space_developer",
            "updated_at": "2026-04-21T11:06:07Z",
            "user": "9a9ac97a-413c-4455-91d3-b9ee9d03cbed",
            "username": "shubhamdssnrv007@gmail.com"
          },
          "sensitive_attributes": [
            [
              {
                "type": "get_attr",
                "value": "username"
              }
            ]
          ],
          "identity_schema_version": 0,
          "identity": {
            "role_guid": ""
          },
          "dependencies": [
            "cloudfoundry_space.project_space",
            "data.terraform_remote_state.btp"
          ]
        },
        {
          "index_key": "qa_remap",
          "schema_version": 0,
          "attributes": {
            "created_at": "2026-04-21T11:06:07Z",
            "id": "b755ff19-0fbf-4aa5-a9b3-b58395eab801",
            "origin": null,
            "space": "bc8ec5eb-b150-4df7-8b71-e28dd46c9212",
            "type": "space_developer",
            "updated_at": "2026-04-21T11:06:07Z",
            "user": "9a9ac97a-413c-4455-91d3-b9ee9d03cbed",
            "username": "shubhamdssnrv007@gmail.com"
          },
          "sensitive_attributes": [
            [
              {
                "type": "get_attr",
                "value": "username"
              }
            ]
          ],
          "identity_schema_version": 0,
          "identity": {
            "role_guid": ""
          },
          "dependencies": [
            "cloudfoundry_space.project_space",
            "data.terraform_remote_state.btp"
          ]
        }
      ]
    },
    {
      "mode": "managed",
      "type": "cloudfoundry_space_role",
      "name": "space_manager",
      "provider": "provider[\"registry.terraform.io/cloudfoundry/cloudfoundry\"]",
      "instances": [
        {
          "index_key": "dev_learning",
          "schema_version": 0,
          "attributes": {
            "created_at": "2026-04-21T11:06:07Z",
            "id": "4a9d62f2-793b-485a-b3eb-7751c7256fde",
            "origin": null,
            "space": "94982d83-3354-4c99-82ef-e44699261459",
            "type": "space_manager",
            "updated_at": "2026-04-21T11:06:07Z",
            "user": "9a9ac97a-413c-4455-91d3-b9ee9d03cbed",
            "username": "shubhamdssnrv007@gmail.com"
          },
          "sensitive_attributes": [
            [
              {
                "type": "get_attr",
                "value": "username"
              }
            ]
          ],
          "identity_schema_version": 0,
          "identity": {
            "role_guid": ""
          },
          "dependencies": [
            "cloudfoundry_space.project_space",
            "data.terraform_remote_state.btp"
          ]
        },
        {
          "index_key": "dev_loop",
          "schema_version": 0,
          "attributes": {
            "created_at": "2026-04-21T11:06:07Z",
            "id": "5c79599a-33f0-45de-a0f6-6c02bc62b786",
            "origin": null,
            "space": "3f0efb6e-dc3b-46dd-b42f-a67083f2554d",
            "type": "space_manager",
            "updated_at": "2026-04-21T11:06:07Z",
            "user": "9a9ac97a-413c-4455-91d3-b9ee9d03cbed",
            "username": "shubhamdssnrv007@gmail.com"
          },
          "sensitive_attributes": [
            [
              {
                "type": "get_attr",
                "value": "username"
              }
            ]
          ],
          "identity_schema_version": 0,
          "identity": {
            "role_guid": ""
          },
          "dependencies": [
            "cloudfoundry_space.project_space",
            "data.terraform_remote_state.btp"
          ]
        },
        {
          "index_key": "dev_remap",
          "schema_version": 0,
          "attributes": {
            "created_at": "2026-04-21T11:06:07Z",
            "id": "c5aa5069-4d3e-4e01-af3f-cc027a13dca4",
            "origin": null,
            "space": "c447a5f2-4b9f-4772-a379-dd54a70412d6",
            "type": "space_manager",
            "updated_at": "2026-04-21T11:06:07Z",
            "user": "9a9ac97a-413c-4455-91d3-b9ee9d03cbed",
            "username": "shubhamdssnrv007@gmail.com"
          },
          "sensitive_attributes": [
            [
              {
                "type": "get_attr",
                "value": "username"
              }
            ]
          ],
          "identity_schema_version": 0,
          "identity": {
            "role_guid": ""
          },
          "dependencies": [
            "cloudfoundry_space.project_space",
            "data.terraform_remote_state.btp"
          ]
        },
        {
          "index_key": "qa_loop",
          "schema_version": 0,
          "attributes": {
            "created_at": "2026-04-21T11:06:07Z",
            "id": "3c927664-db1c-43ae-b4e4-6e14bf6af8cd",
            "origin": null,
            "space": "f1c6d005-b79d-43f3-beab-00d2ba10c21c",
            "type": "space_manager",
            "updated_at": "2026-04-21T11:06:07Z",
            "user": "9a9ac97a-413c-4455-91d3-b9ee9d03cbed",
            "username": "shubhamdssnrv007@gmail.com"
          },
          "sensitive_attributes": [
            [
              {
                "type": "get_attr",
                "value": "username"
              }
            ]
          ],
          "identity_schema_version": 0,
          "identity": {
            "role_guid": ""
          },
          "dependencies": [
            "cloudfoundry_space.project_space",
            "data.terraform_remote_state.btp"
          ]
        },
        {
          "index_key": "qa_remap",
          "schema_version": 0,
          "attributes": {
            "created_at": "2026-04-21T11:06:07Z",
            "id": "1163f7b9-5b60-48e5-8c12-2a5f2ab874de",
            "origin": null,
            "space": "bc8ec5eb-b150-4df7-8b71-e28dd46c9212",
            "type": "space_manager",
            "updated_at": "2026-04-21T11:06:07Z",
            "user": "9a9ac97a-413c-4455-91d3-b9ee9d03cbed",
            "username": "shubhamdssnrv007@gmail.com"
          },
          "sensitive_attributes": [
            [
              {
                "type": "get_attr",
                "value": "username"
              }
            ]
          ],
          "identity_schema_version": 0,
          "identity": {
            "role_guid": ""
          },
          "dependencies": [
            "cloudfoundry_space.project_space",
            "data.terraform_remote_state.btp"
          ]
        }
      ]
    }
  ],
  "check_results": null
}
