{
  "version": 4,
  "terraform_version": "1.14.8",
  "serial": 117,
  "lineage": "007cc751-9c7a-ad01-f6fb-328ea487526c",
  "outputs": {
    "cf_api_url": {
      "value": {
        "dev_learning": "https://api.cf.us10-001.hana.ondemand.com",
        "dev_loop": "https://api.cf.us10-001.hana.ondemand.com",
        "dev_remap": "https://api.cf.us10-001.hana.ondemand.com",
        "qa_loop": "https://api.cf.us10-001.hana.ondemand.com",
        "qa_remap": "https://api.cf.us10-001.hana.ondemand.com"
      },
      "type": [
        "object",
        {
          "dev_learning": "string",
          "dev_loop": "string",
          "dev_remap": "string",
          "qa_loop": "string",
          "qa_remap": "string"
        }
      ]
    },
    "cf_landscape_label": {
      "value": {
        "dev_learning": "cf-us10-001",
        "dev_loop": "cf-us10-001",
        "dev_remap": "cf-us10-001",
        "qa_loop": "cf-us10-001",
        "qa_remap": "cf-us10-001"
      },
      "type": [
        "object",
        {
          "dev_learning": "string",
          "dev_loop": "string",
          "dev_remap": "string",
          "qa_loop": "string",
          "qa_remap": "string"
        }
      ]
    },
    "cf_org_id": {
      "value": {
        "dev_learning": "bc17c382-f726-4113-96e6-eab73b1e061c",
        "dev_loop": "7594cb1b-da3a-40df-8d22-53000cdbc864",
        "dev_remap": "7eed5e2e-6bed-490e-a0da-984d9e2535bd",
        "qa_loop": "570ef022-f13d-4c2b-a675-109bc179262d",
        "qa_remap": "22a99053-c1fb-46f7-b160-2986b0712fc2"
      },
      "type": [
        "object",
        {
          "dev_learning": "string",
          "dev_loop": "string",
          "dev_remap": "string",
          "qa_loop": "string",
          "qa_remap": "string"
        }
      ]
    },
    "subaccounts_metadata": {
      "value": {
        "dev_learning": {
          "project": "Loop",
          "stage": "TEST"
        },
        "dev_loop": {
          "project": "Loop",
          "stage": "DEV"
        },
        "dev_remap": {
          "project": "Remap",
          "stage": "DEV"
        },
        "qa_loop": {
          "project": "Loop",
          "stage": "QA"
        },
        "qa_remap": {
          "project": "Remap",
          "stage": "QA"
        }
      },
      "type": [
        "object",
        {
          "dev_learning": [
            "object",
            {
              "project": "string",
              "stage": "string"
            }
          ],
          "dev_loop": [
            "object",
            {
              "project": "string",
              "stage": "string"
            }
          ],
          "dev_remap": [
            "object",
            {
              "project": "string",
              "stage": "string"
            }
          ],
          "qa_loop": [
            "object",
            {
              "project": "string",
              "stage": "string"
            }
          ],
          "qa_remap": [
            "object",
            {
              "project": "string",
              "stage": "string"
            }
          ]
        }
      ]
    }
  },
  "resources": [
    {
      "mode": "data",
      "type": "btp_subaccount_environments",
      "name": "all",
      "provider": "provider[\"registry.terraform.io/sap/btp\"]",
      "instances": [
        {
          "index_key": "dev_learning",
          "schema_version": 0,
          "attributes": {
            "id": "c56419b7-d4ab-4c26-826a-4555334ab809",
            "subaccount_id": "c56419b7-d4ab-4c26-826a-4555334ab809",
            "values": [
              {
                "availability_level": "ACTIVE",
                "description": "Create organization in cloud foundry - trial based",
                "environment_type": "cloudfoundry",
                "landscape_label": "cf-us10-001",
                "plan_name": "trial",
                "plan_updateable": false,
                "schema_create": "{\"parameters\":{\"schema\":\"http://json-schema.org/draft-07/schema#\",\"_show_form_view\":true,\"type\":\"object\",\"properties\":{\"instance_name\":{\"title\":\"Org Name\",\"description\":\"Cloud Foundry organization name\",\"type\":\"string\",\"minLength\":1,\"_BTPdefaultTemplate\":{\"elements\":[\"gaDisplayName\",\"saSubdomain\"],\"separator\":\"_\"}}},\"required\":[\"instance_name\"]}}",
                "schema_update": "",
                "service_description": "An efficient model for cloud-native application delivery",
                "service_display_name": "Cloud Foundry Runtime",
                "service_name": "cloudfoundry",
                "technical_key": ""
              }
            ]
          },
          "sensitive_attributes": [],
          "identity_schema_version": 0
        },
        {
          "index_key": "dev_loop",
          "schema_version": 0,
          "attributes": {
            "id": "05f67b43-e237-4b6f-9d0b-718c71c28d09",
            "subaccount_id": "05f67b43-e237-4b6f-9d0b-718c71c28d09",
            "values": [
              {
                "availability_level": "ACTIVE",
                "description": "Create organization in cloud foundry - trial based",
                "environment_type": "cloudfoundry",
                "landscape_label": "cf-us10-001",
                "plan_name": "trial",
                "plan_updateable": false,
                "schema_create": "{\"parameters\":{\"schema\":\"http://json-schema.org/draft-07/schema#\",\"_show_form_view\":true,\"type\":\"object\",\"properties\":{\"instance_name\":{\"title\":\"Org Name\",\"description\":\"Cloud Foundry organization name\",\"type\":\"string\",\"minLength\":1,\"_BTPdefaultTemplate\":{\"elements\":[\"gaDisplayName\",\"saSubdomain\"],\"separator\":\"_\"}}},\"required\":[\"instance_name\"]}}",
                "schema_update": "",
                "service_description": "An efficient model for cloud-native application delivery",
                "service_display_name": "Cloud Foundry Runtime",
                "service_name": "cloudfoundry",
                "technical_key": ""
              }
            ]
          },
          "sensitive_attributes": [],
          "identity_schema_version": 0
        },
        {
          "index_key": "dev_remap",
          "schema_version": 0,
          "attributes": {
            "id": "de381d48-fdfc-4ba7-bf17-4bbfd0a19342",
            "subaccount_id": "de381d48-fdfc-4ba7-bf17-4bbfd0a19342",
            "values": [
              {
                "availability_level": "ACTIVE",
                "description": "Create organization in cloud foundry - trial based",
                "environment_type": "cloudfoundry",
                "landscape_label": "cf-us10-001",
                "plan_name": "trial",
                "plan_updateable": false,
                "schema_create": "{\"parameters\":{\"schema\":\"http://json-schema.org/draft-07/schema#\",\"_show_form_view\":true,\"type\":\"object\",\"properties\":{\"instance_name\":{\"title\":\"Org Name\",\"description\":\"Cloud Foundry organization name\",\"type\":\"string\",\"minLength\":1,\"_BTPdefaultTemplate\":{\"elements\":[\"gaDisplayName\",\"saSubdomain\"],\"separator\":\"_\"}}},\"required\":[\"instance_name\"]}}",
                "schema_update": "",
                "service_description": "An efficient model for cloud-native application delivery",
                "service_display_name": "Cloud Foundry Runtime",
                "service_name": "cloudfoundry",
                "technical_key": ""
              }
            ]
          },
          "sensitive_attributes": [],
          "identity_schema_version": 0
        },
        {
          "index_key": "qa_loop",
          "schema_version": 0,
          "attributes": {
            "id": "d878a64c-df80-4fc8-acb4-05a6245f688f",
            "subaccount_id": "d878a64c-df80-4fc8-acb4-05a6245f688f",
            "values": [
              {
                "availability_level": "ACTIVE",
                "description": "Create organization in cloud foundry - trial based",
                "environment_type": "cloudfoundry",
                "landscape_label": "cf-us10-001",
                "plan_name": "trial",
                "plan_updateable": false,
                "schema_create": "{\"parameters\":{\"schema\":\"http://json-schema.org/draft-07/schema#\",\"_show_form_view\":true,\"type\":\"object\",\"properties\":{\"instance_name\":{\"title\":\"Org Name\",\"description\":\"Cloud Foundry organization name\",\"type\":\"string\",\"minLength\":1,\"_BTPdefaultTemplate\":{\"elements\":[\"gaDisplayName\",\"saSubdomain\"],\"separator\":\"_\"}}},\"required\":[\"instance_name\"]}}",
                "schema_update": "",
                "service_description": "An efficient model for cloud-native application delivery",
                "service_display_name": "Cloud Foundry Runtime",
                "service_name": "cloudfoundry",
                "technical_key": ""
              }
            ]
          },
          "sensitive_attributes": [],
          "identity_schema_version": 0
        },
        {
          "index_key": "qa_remap",
          "schema_version": 0,
          "attributes": {
            "id": "7345d5b3-3f35-458f-89fd-053ae3e81b40",
            "subaccount_id": "7345d5b3-3f35-458f-89fd-053ae3e81b40",
            "values": [
              {
                "availability_level": "ACTIVE",
                "description": "Create organization in cloud foundry - trial based",
                "environment_type": "cloudfoundry",
                "landscape_label": "cf-us10-001",
                "plan_name": "trial",
                "plan_updateable": false,
                "schema_create": "{\"parameters\":{\"schema\":\"http://json-schema.org/draft-07/schema#\",\"_show_form_view\":true,\"type\":\"object\",\"properties\":{\"instance_name\":{\"title\":\"Org Name\",\"description\":\"Cloud Foundry organization name\",\"type\":\"string\",\"minLength\":1,\"_BTPdefaultTemplate\":{\"elements\":[\"gaDisplayName\",\"saSubdomain\"],\"separator\":\"_\"}}},\"required\":[\"instance_name\"]}}",
                "schema_update": "",
                "service_description": "An efficient model for cloud-native application delivery",
                "service_display_name": "Cloud Foundry Runtime",
                "service_name": "cloudfoundry",
                "technical_key": ""
              }
            ]
          },
          "sensitive_attributes": [],
          "identity_schema_version": 0
        }
      ]
    },
    {
      "mode": "managed",
      "type": "btp_subaccount",
      "name": "project_subaccount",
      "provider": "provider[\"registry.terraform.io/sap/btp\"]",
      "instances": [
        {
          "index_key": "dev_learning",
          "schema_version": 0,
          "attributes": {
            "beta_enabled": false,
            "contract_status": "ACTIVE",
            "created_by": "",
            "created_date": "2026-04-16T18:42:55Z",
            "description": "",
            "id": "c56419b7-d4ab-4c26-826a-4555334ab809",
            "labels": {
              "project": [
                "Loop"
              ],
              "stage": [
                "TEST"
              ]
            },
            "last_modified": "2026-04-16T18:43:37Z",
            "name": "TEST Loop",
            "parent_features": null,
            "parent_id": "2b4cf856-f192-4e8e-a848-f183e1e7df76",
            "region": "us10",
            "skip_auto_entitlement": null,
            "state": "OK",
            "subdomain": "test-loop",
            "usage": "NOT_USED_FOR_PRODUCTION"
          },
          "sensitive_attributes": [],
          "identity_schema_version": 0,
          "identity": {
            "subaccount_id": "c56419b7-d4ab-4c26-826a-4555334ab809"
          }
        },
        {
          "index_key": "dev_loop",
          "schema_version": 0,
          "attributes": {
            "beta_enabled": false,
            "contract_status": "ACTIVE",
            "created_by": "",
            "created_date": "2026-04-18T11:16:57Z",
            "description": "",
            "id": "05f67b43-e237-4b6f-9d0b-718c71c28d09",
            "labels": {
              "project": [
                "Loop"
              ],
              "stage": [
                "DEV"
              ]
            },
            "last_modified": "2026-04-18T11:17:31Z",
            "name": "DEV Loop",
            "parent_features": null,
            "parent_id": "2b4cf856-f192-4e8e-a848-f183e1e7df76",
            "region": "us10",
            "skip_auto_entitlement": null,
            "state": "OK",
            "subdomain": "dev-loop",
            "usage": "NOT_USED_FOR_PRODUCTION"
          },
          "sensitive_attributes": [],
          "identity_schema_version": 0,
          "identity": {
            "subaccount_id": "05f67b43-e237-4b6f-9d0b-718c71c28d09"
          }
        },
        {
          "index_key": "dev_remap",
          "schema_version": 0,
          "attributes": {
            "beta_enabled": false,
            "contract_status": "ACTIVE",
            "created_by": "",
            "created_date": "2026-04-21T07:43:09Z",
            "description": "",
            "id": "de381d48-fdfc-4ba7-bf17-4bbfd0a19342",
            "labels": {
              "project": [
                "Remap"
              ],
              "stage": [
                "DEV"
              ]
            },
            "last_modified": "2026-04-21T07:43:47Z",
            "name": "DEV Remap",
            "parent_features": null,
            "parent_id": "2b4cf856-f192-4e8e-a848-f183e1e7df76",
            "region": "us10",
            "skip_auto_entitlement": null,
            "state": "OK",
            "subdomain": "dev-remap",
            "usage": "NOT_USED_FOR_PRODUCTION"
          },
          "sensitive_attributes": [],
          "identity_schema_version": 0,
          "identity": {
            "subaccount_id": "de381d48-fdfc-4ba7-bf17-4bbfd0a19342"
          }
        },
        {
          "index_key": "qa_loop",
          "schema_version": 0,
          "attributes": {
            "beta_enabled": false,
            "contract_status": "ACTIVE",
            "created_by": "",
            "created_date": "2026-04-21T07:06:10Z",
            "description": "",
            "id": "d878a64c-df80-4fc8-acb4-05a6245f688f",
            "labels": {
              "project": [
                "Loop"
              ],
              "stage": [
                "QA"
              ]
            },
            "last_modified": "2026-04-21T07:07:02Z",
            "name": "QA Loop",
            "parent_features": null,
            "parent_id": "2b4cf856-f192-4e8e-a848-f183e1e7df76",
            "region": "us10",
            "skip_auto_entitlement": null,
            "state": "OK",
            "subdomain": "qa-loop",
            "usage": "NOT_USED_FOR_PRODUCTION"
          },
          "sensitive_attributes": [],
          "identity_schema_version": 0,
          "identity": {
            "subaccount_id": "d878a64c-df80-4fc8-acb4-05a6245f688f"
          }
        },
        {
          "index_key": "qa_remap",
          "schema_version": 0,
          "attributes": {
            "beta_enabled": false,
            "contract_status": "ACTIVE",
            "created_by": "",
            "created_date": "2026-04-21T11:02:21Z",
            "description": "",
            "id": "7345d5b3-3f35-458f-89fd-053ae3e81b40",
            "labels": {
              "project": [
                "Remap"
              ],
              "stage": [
                "QA"
              ]
            },
            "last_modified": "2026-04-21T11:03:11Z",
            "name": "QA Remap",
            "parent_features": null,
            "parent_id": "2b4cf856-f192-4e8e-a848-f183e1e7df76",
            "region": "us10",
            "skip_auto_entitlement": null,
            "state": "OK",
            "subdomain": "qa-remap",
            "usage": "NOT_USED_FOR_PRODUCTION"
          },
          "sensitive_attributes": [],
          "identity_schema_version": 0,
          "identity": {
            "subaccount_id": "7345d5b3-3f35-458f-89fd-053ae3e81b40"
          }
        }
      ]
    },
    {
      "mode": "managed",
      "type": "btp_subaccount_environment_instance",
      "name": "cloudfoundry",
      "provider": "provider[\"registry.terraform.io/sap/btp\"]",
      "instances": [
        {
          "index_key": "dev_learning",
          "schema_version": 0,
          "attributes": {
            "broker_id": "985B006B-820E-40BF-AC53-AB3D2B86C294",
            "created_date": "2026-04-16T18:43:48Z",
            "custom_labels": {},
            "dashboard_url": "",
            "description": "",
            "environment_type": "cloudfoundry",
            "id": "58284062-3820-4CD0-AB09-38EE578976CB",
            "labels": "{\"API Endpoint\":\"https://api.cf.us10-001.hana.ondemand.com\",\"Org Name\":\"henkel-test-loop\",\"Org ID\":\"bc17c382-f726-4113-96e6-eab73b1e061c\",\"Org Memory Limit\":\"0MB\"}",
            "landscape_label": "cf-us10-001",
            "last_modified": "2026-04-16T18:43:51Z",
            "name": "henkel-test-loop",
            "operation": "provision",
            "parameters": "{\"instance_name\":\"henkel-test-loop\"}",
            "plan_id": "267b5620-3011-4c48-8e56-8d103876275b",
            "plan_name": "trial",
            "platform_id": "bc17c382-f726-4113-96e6-eab73b1e061c",
            "service_id": "fa31b750-375f-4268-bee1-604811a89fd9",
            "service_name": "cloudfoundry",
            "state": "OK",
            "subaccount_id": "c56419b7-d4ab-4c26-826a-4555334ab809",
            "tenant_id": "c56419b7-d4ab-4c26-826a-4555334ab809",
            "timeouts": null,
            "type": "Provision"
          },
          "sensitive_attributes": [],
          "identity_schema_version": 0,
          "identity": {
            "id": "58284062-3820-4CD0-AB09-38EE578976CB",
            "subaccount_id": "c56419b7-d4ab-4c26-826a-4555334ab809"
          },
          "dependencies": [
            "btp_subaccount.project_subaccount",
            "data.btp_subaccount_environments.all",
            "terraform_data.cf_landscape_label"
          ]
        },
        {
          "index_key": "dev_loop",
          "schema_version": 0,
          "attributes": {
            "broker_id": "985B006B-820E-40BF-AC53-AB3D2B86C294",
            "created_date": "2026-04-18T11:17:40Z",
            "custom_labels": {},
            "dashboard_url": "",
            "description": "",
            "environment_type": "cloudfoundry",
            "id": "B5109BC3-21DD-44B6-861C-71DE674390D4",
            "labels": "{\"API Endpoint\":\"https://api.cf.us10-001.hana.ondemand.com\",\"Org Name\":\"henkel-dev-loop\",\"Org ID\":\"7594cb1b-da3a-40df-8d22-53000cdbc864\",\"Org Memory Limit\":\"0MB\"}",
            "landscape_label": "cf-us10-001",
            "last_modified": "2026-04-18T11:17:44Z",
            "name": "henkel-dev-loop",
            "operation": "provision",
            "parameters": "{\"instance_name\":\"henkel-dev-loop\"}",
            "plan_id": "267b5620-3011-4c48-8e56-8d103876275b",
            "plan_name": "trial",
            "platform_id": "7594cb1b-da3a-40df-8d22-53000cdbc864",
            "service_id": "fa31b750-375f-4268-bee1-604811a89fd9",
            "service_name": "cloudfoundry",
            "state": "OK",
            "subaccount_id": "05f67b43-e237-4b6f-9d0b-718c71c28d09",
            "tenant_id": "05f67b43-e237-4b6f-9d0b-718c71c28d09",
            "timeouts": null,
            "type": "Provision"
          },
          "sensitive_attributes": [],
          "identity_schema_version": 0,
          "identity": {
            "id": "B5109BC3-21DD-44B6-861C-71DE674390D4",
            "subaccount_id": "05f67b43-e237-4b6f-9d0b-718c71c28d09"
          },
          "dependencies": [
            "btp_subaccount.project_subaccount",
            "data.btp_subaccount_environments.all",
            "terraform_data.cf_landscape_label"
          ]
        },
        {
          "index_key": "dev_remap",
          "schema_version": 0,
          "attributes": {
            "broker_id": "985B006B-820E-40BF-AC53-AB3D2B86C294",
            "created_date": "2026-04-21T07:43:53Z",
            "custom_labels": {},
            "dashboard_url": "",
            "description": "",
            "environment_type": "cloudfoundry",
            "id": "05548487-1959-4455-90AA-71175D49BE33",
            "labels": "{\"API Endpoint\":\"https://api.cf.us10-001.hana.ondemand.com\",\"Org Name\":\"henkel-dev-remap\",\"Org ID\":\"7eed5e2e-6bed-490e-a0da-984d9e2535bd\",\"Org Memory Limit\":\"0MB\"}",
            "landscape_label": "cf-us10-001",
            "last_modified": "2026-04-21T07:44:11Z",
            "name": "henkel-dev-remap",
            "operation": "provision",
            "parameters": "{\"instance_name\":\"henkel-dev-remap\"}",
            "plan_id": "267b5620-3011-4c48-8e56-8d103876275b",
            "plan_name": "trial",
            "platform_id": "7eed5e2e-6bed-490e-a0da-984d9e2535bd",
            "service_id": "fa31b750-375f-4268-bee1-604811a89fd9",
            "service_name": "cloudfoundry",
            "state": "OK",
            "subaccount_id": "de381d48-fdfc-4ba7-bf17-4bbfd0a19342",
            "tenant_id": "de381d48-fdfc-4ba7-bf17-4bbfd0a19342",
            "timeouts": null,
            "type": "Provision"
          },
          "sensitive_attributes": [],
          "identity_schema_version": 0,
          "identity": {
            "id": "05548487-1959-4455-90AA-71175D49BE33",
            "subaccount_id": "de381d48-fdfc-4ba7-bf17-4bbfd0a19342"
          },
          "dependencies": [
            "btp_subaccount.project_subaccount",
            "data.btp_subaccount_environments.all",
            "terraform_data.cf_landscape_label"
          ]
        },
        {
          "index_key": "qa_loop",
          "schema_version": 0,
          "attributes": {
            "broker_id": "985B006B-820E-40BF-AC53-AB3D2B86C294",
            "created_date": "2026-04-21T07:07:15Z",
            "custom_labels": {},
            "dashboard_url": "",
            "description": "",
            "environment_type": "cloudfoundry",
            "id": "82F7306E-154E-4344-8F5A-A3127B8DEEF9",
            "labels": "{\"API Endpoint\":\"https://api.cf.us10-001.hana.ondemand.com\",\"Org Name\":\"henkel-qa-loop\",\"Org ID\":\"570ef022-f13d-4c2b-a675-109bc179262d\",\"Org Memory Limit\":\"0MB\"}",
            "landscape_label": "cf-us10-001",
            "last_modified": "2026-04-21T07:07:18Z",
            "name": "henkel-qa-loop",
            "operation": "provision",
            "parameters": "{\"instance_name\":\"henkel-qa-loop\"}",
            "plan_id": "267b5620-3011-4c48-8e56-8d103876275b",
            "plan_name": "trial",
            "platform_id": "570ef022-f13d-4c2b-a675-109bc179262d",
            "service_id": "fa31b750-375f-4268-bee1-604811a89fd9",
            "service_name": "cloudfoundry",
            "state": "OK",
            "subaccount_id": "d878a64c-df80-4fc8-acb4-05a6245f688f",
            "tenant_id": "d878a64c-df80-4fc8-acb4-05a6245f688f",
            "timeouts": null,
            "type": "Provision"
          },
          "sensitive_attributes": [],
          "identity_schema_version": 0,
          "identity": {
            "id": "82F7306E-154E-4344-8F5A-A3127B8DEEF9",
            "subaccount_id": "d878a64c-df80-4fc8-acb4-05a6245f688f"
          },
          "dependencies": [
            "btp_subaccount.project_subaccount",
            "data.btp_subaccount_environments.all",
            "terraform_data.cf_landscape_label"
          ]
        },
        {
          "index_key": "qa_remap",
          "schema_version": 0,
          "attributes": {
            "broker_id": "985B006B-820E-40BF-AC53-AB3D2B86C294",
            "created_date": "2026-04-21T11:03:16Z",
            "custom_labels": {},
            "dashboard_url": "",
            "description": "",
            "environment_type": "cloudfoundry",
            "id": "F1F45EA6-62EF-434E-A6B8-6F75551B32F2",
            "labels": "{\"API Endpoint\":\"https://api.cf.us10-001.hana.ondemand.com\",\"Org Name\":\"henkel-qa-remap\",\"Org ID\":\"22a99053-c1fb-46f7-b160-2986b0712fc2\",\"Org Memory Limit\":\"0MB\"}",
            "landscape_label": "cf-us10-001",
            "last_modified": "2026-04-21T11:03:21Z",
            "name": "henkel-qa-remap",
            "operation": "provision",
            "parameters": "{\"instance_name\":\"henkel-qa-remap\"}",
            "plan_id": "267b5620-3011-4c48-8e56-8d103876275b",
            "plan_name": "trial",
            "platform_id": "22a99053-c1fb-46f7-b160-2986b0712fc2",
            "service_id": "fa31b750-375f-4268-bee1-604811a89fd9",
            "service_name": "cloudfoundry",
            "state": "OK",
            "subaccount_id": "7345d5b3-3f35-458f-89fd-053ae3e81b40",
            "tenant_id": "7345d5b3-3f35-458f-89fd-053ae3e81b40",
            "timeouts": null,
            "type": "Provision"
          },
          "sensitive_attributes": [],
          "identity_schema_version": 0,
          "identity": {
            "id": "F1F45EA6-62EF-434E-A6B8-6F75551B32F2",
            "subaccount_id": "7345d5b3-3f35-458f-89fd-053ae3e81b40"
          },
          "dependencies": [
            "btp_subaccount.project_subaccount",
            "data.btp_subaccount_environments.all",
            "terraform_data.cf_landscape_label"
          ]
        }
      ]
    },
    {
      "mode": "managed",
      "type": "terraform_data",
      "name": "cf_landscape_label",
      "provider": "provider[\"terraform.io/builtin/terraform\"]",
      "instances": [
        {
          "index_key": "dev_learning",
          "schema_version": 0,
          "attributes": {
            "id": "485f25ef-1923-4445-4314-a26eccf54fc5",
            "input": {
              "value": "cf-us10-001",
              "type": "string"
            },
            "output": {
              "value": "cf-us10-001",
              "type": "string"
            },
            "triggers_replace": null
          },
          "sensitive_attributes": [],
          "identity_schema_version": 0,
          "dependencies": [
            "btp_subaccount.project_subaccount",
            "data.btp_subaccount_environments.all"
          ]
        },
        {
          "index_key": "dev_loop",
          "schema_version": 0,
          "attributes": {
            "id": "33762662-6f19-47e0-c54d-9cea308976b2",
            "input": {
              "value": "cf-us10-001",
              "type": "string"
            },
            "output": {
              "value": "cf-us10-001",
              "type": "string"
            },
            "triggers_replace": null
          },
          "sensitive_attributes": [],
          "identity_schema_version": 0,
          "dependencies": [
            "btp_subaccount.project_subaccount",
            "data.btp_subaccount_environments.all"
          ]
        },
        {
          "index_key": "dev_remap",
          "schema_version": 0,
          "attributes": {
            "id": "64758caa-a7e6-e489-2722-a665a1f87fd6",
            "input": {
              "value": "cf-us10-001",
              "type": "string"
            },
            "output": {
              "value": "cf-us10-001",
              "type": "string"
            },
            "triggers_replace": null
          },
          "sensitive_attributes": [],
          "identity_schema_version": 0,
          "dependencies": [
            "btp_subaccount.project_subaccount",
            "data.btp_subaccount_environments.all"
          ]
        },
        {
          "index_key": "qa_loop",
          "schema_version": 0,
          "attributes": {
            "id": "c7068198-02c7-5e86-bfe5-fe9f1b4e9c72",
            "input": {
              "value": "cf-us10-001",
              "type": "string"
            },
            "output": {
              "value": "cf-us10-001",
              "type": "string"
            },
            "triggers_replace": null
          },
          "sensitive_attributes": [],
          "identity_schema_version": 0,
          "dependencies": [
            "btp_subaccount.project_subaccount",
            "data.btp_subaccount_environments.all"
          ]
        },
        {
          "index_key": "qa_remap",
          "schema_version": 0,
          "attributes": {
            "id": "1c414940-b0b0-6128-962f-926ced8caa01",
            "input": {
              "value": "cf-us10-001",
              "type": "string"
            },
            "output": {
              "value": "cf-us10-001",
              "type": "string"
            },
            "triggers_replace": null
          },
          "sensitive_attributes": [],
          "identity_schema_version": 0,
          "dependencies": [
            "btp_subaccount.project_subaccount",
            "data.btp_subaccount_environments.all"
          ]
        }
      ]
    },
    {
      "module": "module.srvc_baseline[\"dev_learning\"]",
      "mode": "data",
      "type": "btp_subaccount_service_plan",
      "name": "alert_notification_service_standard",
      "provider": "provider[\"registry.terraform.io/sap/btp\"]",
      "instances": [
        {
          "schema_version": 0,
          "attributes": {
            "bindable": false,
            "catalog_id": "760987b6-6277-4e0f-91e9-543a02d1631c",
            "catalog_name": "standard",
            "created_date": "2019-10-07T08:00:06Z",
            "description": "Allows consumption of SAP Alert Notification service events as well as posting custom events",
            "free": false,
            "id": "1a92101d-2e60-46f8-b41d-63489003dcd3",
            "last_modified": "2026-04-15T06:07:29Z",
            "name": "standard",
            "offering_name": "alert-notification",
            "ready": true,
            "serviceoffering_id": "6f3240fe-c9f9-4b7e-b8a5-7528269106a2",
            "shareable": false,
            "subaccount_id": "c56419b7-d4ab-4c26-826a-4555334ab809",
            "supported_platforms": [
              "CLOUDFOUNDRY",
              "KYMA",
              "OTHER"
            ]
          },
          "sensitive_attributes": [],
          "identity_schema_version": 0
        }
      ]
    },
    {
      "module": "module.srvc_baseline[\"dev_learning\"]",
      "mode": "managed",
      "type": "btp_subaccount_entitlement",
      "name": "alert_notification_service_standard",
      "provider": "provider[\"registry.terraform.io/sap/btp\"]",
      "instances": [
        {
          "schema_version": 1,
          "attributes": {
            "amount": null,
            "category": "ELASTIC_SERVICE",
            "created_date": "2026-04-16T18:43:49Z",
            "id": "alertnotificationservicecf",
            "last_modified": "2026-04-16T18:44:05Z",
            "plan_id": "alertnotificationservicecf",
            "plan_name": "standard",
            "plan_unique_identifier": "alertnotificationservicecf",
            "service_name": "alert-notification",
            "state": "OK",
            "subaccount_id": "c56419b7-d4ab-4c26-826a-4555334ab809"
          },
          "sensitive_attributes": [],
          "identity_schema_version": 0,
          "identity": {
            "plan_name": "standard",
            "service_name": "alert-notification",
            "subaccount_id": "c56419b7-d4ab-4c26-826a-4555334ab809"
          },
          "dependencies": [
            "btp_subaccount.project_subaccount"
          ]
        }
      ]
    },
    {
      "module": "module.srvc_baseline[\"dev_learning\"]",
      "mode": "managed",
      "type": "btp_subaccount_entitlement",
      "name": "feature_flags_dashboard_app",
      "provider": "provider[\"registry.terraform.io/sap/btp\"]",
      "instances": [
        {
          "schema_version": 1,
          "attributes": {
            "amount": null,
            "category": "APPLICATION",
            "created_date": "2026-04-16T18:43:49Z",
            "id": "feature-flags-dashboard",
            "last_modified": "2026-04-16T18:44:05Z",
            "plan_id": "feature-flags-dashboard",
            "plan_name": "dashboard",
            "plan_unique_identifier": "feature-flags-dashboard",
            "service_name": "feature-flags-dashboard",
            "state": "OK",
            "subaccount_id": "c56419b7-d4ab-4c26-826a-4555334ab809"
          },
          "sensitive_attributes": [],
          "identity_schema_version": 0,
          "identity": {
            "plan_name": "dashboard",
            "service_name": "feature-flags-dashboard",
            "subaccount_id": "c56419b7-d4ab-4c26-826a-4555334ab809"
          },
          "dependencies": [
            "btp_subaccount.project_subaccount"
          ]
        }
      ]
    },
    {
      "module": "module.srvc_baseline[\"dev_learning\"]",
      "mode": "managed",
      "type": "btp_subaccount_entitlement",
      "name": "feature_flags_service_lite",
      "provider": "provider[\"registry.terraform.io/sap/btp\"]",
      "instances": [
        {
          "schema_version": 1,
          "attributes": {
            "amount": null,
            "category": "ELASTIC_SERVICE",
            "created_date": "2026-04-16T18:43:12Z",
            "id": "feature-flags-lite",
            "last_modified": "2026-04-16T18:44:05Z",
            "plan_id": "feature-flags-lite",
            "plan_name": "lite",
            "plan_unique_identifier": "feature-flags-lite",
            "service_name": "feature-flags",
            "state": "OK",
            "subaccount_id": "c56419b7-d4ab-4c26-826a-4555334ab809"
          },
          "sensitive_attributes": [],
          "identity_schema_version": 0,
          "identity": {
            "plan_name": "lite",
            "service_name": "feature-flags",
            "subaccount_id": "c56419b7-d4ab-4c26-826a-4555334ab809"
          },
          "dependencies": [
            "btp_subaccount.project_subaccount"
          ]
        }
      ]
    },
    {
      "module": "module.srvc_baseline[\"dev_learning\"]",
      "mode": "managed",
      "type": "btp_subaccount_service_instance",
      "name": "alert_notification_service_standard",
      "provider": "provider[\"registry.terraform.io/sap/btp\"]",
      "instances": [
        {
          "schema_version": 0,
          "attributes": {
            "context": "{\"origin\":\"sapcp\",\"region\":\"cf-us10\",\"zone_id\":\"c56419b7-d4ab-4c26-826a-4555334ab809\",\"env_type\":\"sapcp\",\"platform\":\"sapcp\",\"subdomain\":\"test-loop\",\"license_type\":\"TRIAL\",\"instance_name\":\"test-loop-alert-notification\",\"subaccount_id\":\"c56419b7-d4ab-4c26-826a-4555334ab809\",\"crm_customer_id\":\"\",\"global_account_id\":\"2b4cf856-f192-4e8e-a848-f183e1e7df76\"}",
            "created_date": "2026-04-16T18:44:11Z",
            "dashboard_url": "",
            "id": "36047547-ee87-4d5e-b1b5-6dad565029b4",
            "labels": {},
            "last_modified": "2026-04-16T18:44:17Z",
            "name": "test-loop-alert-notification",
            "parameters": null,
            "platform_id": "service-manager",
            "ready": true,
            "referenced_instance_id": "",
            "serviceplan_id": "1a92101d-2e60-46f8-b41d-63489003dcd3",
            "shared": false,
            "state": "succeeded",
            "subaccount_id": "c56419b7-d4ab-4c26-826a-4555334ab809",
            "timeouts": null,
            "usable": true
          },
          "sensitive_attributes": [
            [
              {
                "type": "get_attr",
                "value": "parameters"
              }
            ]
          ],
          "identity_schema_version": 0,
          "identity": {
            "id": "36047547-ee87-4d5e-b1b5-6dad565029b4",
            "subaccount_id": "c56419b7-d4ab-4c26-826a-4555334ab809"
          },
          "dependencies": [
            "btp_subaccount.project_subaccount",
            "module.srvc_baseline.btp_subaccount_entitlement.alert_notification_service_standard",
            "module.srvc_baseline.data.btp_subaccount_service_plan.alert_notification_service_standard"
          ]
        }
      ]
    },
    {
      "module": "module.srvc_baseline[\"dev_learning\"]",
      "mode": "managed",
      "type": "btp_subaccount_subscription",
      "name": "feature_flags_dashboard_app",
      "provider": "provider[\"registry.terraform.io/sap/btp\"]",
      "instances": [
        {
          "schema_version": 0,
          "attributes": {
            "additional_plan_features": null,
            "app_id": "feature-flags!b1765",
            "app_name": "feature-flags-dashboard",
            "authentication_provider": "XSUAA",
            "category": "Foundation / Cross Services",
            "commercial_app_name": "feature-flags-dashboard",
            "created_date": "2026-04-16T18:44:18Z",
            "customer_developed": false,
            "description": "The Feature Flags service allows you to enable or disable new features at runtime without redeploying or restarting the application. You can use feature flags to control code delivery, synchronized rollout, direct shipment, and fast rollback of features.",
            "display_name": "Feature Flags Service",
            "formation_solution_name": "",
            "globalaccount_id": "36c433d1-e688-6c00-ce29-2a29a7a758e9",
            "id": "cda49bdf-d858-4c03-9bab-2e05b3ac2bc2",
            "labels": null,
            "last_modified": "2026-04-16T18:44:21Z",
            "parameters": "{}",
            "plan_name": "dashboard",
            "platform_entity_id": "",
            "quota": 1,
            "state": "SUBSCRIBED",
            "subaccount_id": "c56419b7-d4ab-4c26-826a-4555334ab809",
            "subscribed_subaccount_id": "c56419b7-d4ab-4c26-826a-4555334ab809",
            "subscribed_tenant_id": "c56419b7-d4ab-4c26-826a-4555334ab809",
            "subscription_url": "https://test-loop.feature-flags-dashboard.cfapps.us10.hana.ondemand.com",
            "supports_parameters_updates": false,
            "supports_plan_updates": false,
            "tenant_id": "faefaf02-0b2f-48e0-87e7-2d89c121dc25",
            "timeouts": null
          },
          "sensitive_attributes": [],
          "identity_schema_version": 0,
          "identity": {
            "app_name": "feature-flags-dashboard",
            "plan_name": "dashboard",
            "subaccount_id": "c56419b7-d4ab-4c26-826a-4555334ab809"
          },
          "dependencies": [
            "btp_subaccount.project_subaccount",
            "module.srvc_baseline.btp_subaccount_entitlement.feature_flags_dashboard_app"
          ]
        }
      ]
    },
    {
      "module": "module.srvc_baseline[\"dev_loop\"]",
      "mode": "data",
      "type": "btp_subaccount_service_plan",
      "name": "alert_notification_service_standard",
      "provider": "provider[\"registry.terraform.io/sap/btp\"]",
      "instances": [
        {
          "schema_version": 0,
          "attributes": {
            "bindable": false,
            "catalog_id": "760987b6-6277-4e0f-91e9-543a02d1631c",
            "catalog_name": "standard",
            "created_date": "2019-10-07T08:00:06Z",
            "description": "Allows consumption of SAP Alert Notification service events as well as posting custom events",
            "free": false,
            "id": "1a92101d-2e60-46f8-b41d-63489003dcd3",
            "last_modified": "2026-04-15T06:07:29Z",
            "name": "standard",
            "offering_name": "alert-notification",
            "ready": true,
            "serviceoffering_id": "6f3240fe-c9f9-4b7e-b8a5-7528269106a2",
            "shareable": false,
            "subaccount_id": "05f67b43-e237-4b6f-9d0b-718c71c28d09",
            "supported_platforms": [
              "CLOUDFOUNDRY",
              "KYMA",
              "OTHER"
            ]
          },
          "sensitive_attributes": [],
          "identity_schema_version": 0
        }
      ]
    },
    {
      "module": "module.srvc_baseline[\"dev_loop\"]",
      "mode": "managed",
      "type": "btp_subaccount_entitlement",
      "name": "alert_notification_service_standard",
      "provider": "provider[\"registry.terraform.io/sap/btp\"]",
      "instances": [
        {
          "schema_version": 1,
          "attributes": {
            "amount": null,
            "category": "ELASTIC_SERVICE",
            "created_date": "2026-04-18T11:17:41Z",
            "id": "alertnotificationservicecf",
            "last_modified": "2026-04-18T11:17:55Z",
            "plan_id": "alertnotificationservicecf",
            "plan_name": "standard",
            "plan_unique_identifier": "alertnotificationservicecf",
            "service_name": "alert-notification",
            "state": "OK",
            "subaccount_id": "05f67b43-e237-4b6f-9d0b-718c71c28d09"
          },
          "sensitive_attributes": [],
          "identity_schema_version": 0,
          "identity": {
            "plan_name": "standard",
            "service_name": "alert-notification",
            "subaccount_id": "05f67b43-e237-4b6f-9d0b-718c71c28d09"
          },
          "dependencies": [
            "btp_subaccount.project_subaccount"
          ]
        }
      ]
    },
    {
      "module": "module.srvc_baseline[\"dev_loop\"]",
      "mode": "managed",
      "type": "btp_subaccount_entitlement",
      "name": "feature_flags_dashboard_app",
      "provider": "provider[\"registry.terraform.io/sap/btp\"]",
      "instances": [
        {
          "schema_version": 1,
          "attributes": {
            "amount": null,
            "category": "APPLICATION",
            "created_date": "2026-04-18T11:17:41Z",
            "id": "feature-flags-dashboard",
            "last_modified": "2026-04-18T11:17:53Z",
            "plan_id": "feature-flags-dashboard",
            "plan_name": "dashboard",
            "plan_unique_identifier": "feature-flags-dashboard",
            "service_name": "feature-flags-dashboard",
            "state": "OK",
            "subaccount_id": "05f67b43-e237-4b6f-9d0b-718c71c28d09"
          },
          "sensitive_attributes": [],
          "identity_schema_version": 0,
          "identity": {
            "plan_name": "dashboard",
            "service_name": "feature-flags-dashboard",
            "subaccount_id": "05f67b43-e237-4b6f-9d0b-718c71c28d09"
          },
          "dependencies": [
            "btp_subaccount.project_subaccount"
          ]
        }
      ]
    },
    {
      "module": "module.srvc_baseline[\"dev_loop\"]",
      "mode": "managed",
      "type": "btp_subaccount_entitlement",
      "name": "feature_flags_service_lite",
      "provider": "provider[\"registry.terraform.io/sap/btp\"]",
      "instances": [
        {
          "schema_version": 1,
          "attributes": {
            "amount": null,
            "category": "ELASTIC_SERVICE",
            "created_date": "2026-04-18T11:17:11Z",
            "id": "feature-flags-lite",
            "last_modified": "2026-04-18T11:17:53Z",
            "plan_id": "feature-flags-lite",
            "plan_name": "lite",
            "plan_unique_identifier": "feature-flags-lite",
            "service_name": "feature-flags",
            "state": "OK",
            "subaccount_id": "05f67b43-e237-4b6f-9d0b-718c71c28d09"
          },
          "sensitive_attributes": [],
          "identity_schema_version": 0,
          "identity": {
            "plan_name": "lite",
            "service_name": "feature-flags",
            "subaccount_id": "05f67b43-e237-4b6f-9d0b-718c71c28d09"
          },
          "dependencies": [
            "btp_subaccount.project_subaccount"
          ]
        }
      ]
    },
    {
      "module": "module.srvc_baseline[\"dev_loop\"]",
      "mode": "managed",
      "type": "btp_subaccount_service_instance",
      "name": "alert_notification_service_standard",
      "provider": "provider[\"registry.terraform.io/sap/btp\"]",
      "instances": [
        {
          "schema_version": 0,
          "attributes": {
            "context": "{\"origin\":\"sapcp\",\"region\":\"cf-us10\",\"zone_id\":\"05f67b43-e237-4b6f-9d0b-718c71c28d09\",\"env_type\":\"sapcp\",\"platform\":\"sapcp\",\"subdomain\":\"dev-loop\",\"license_type\":\"TRIAL\",\"instance_name\":\"dev-loop-alert-notification\",\"subaccount_id\":\"05f67b43-e237-4b6f-9d0b-718c71c28d09\",\"crm_customer_id\":\"\",\"global_account_id\":\"2b4cf856-f192-4e8e-a848-f183e1e7df76\"}",
            "created_date": "2026-04-18T11:18:04Z",
            "dashboard_url": "",
            "id": "0762937a-d463-4ede-aaea-de5ab15404c7",
            "labels": {},
            "last_modified": "2026-04-18T11:18:15Z",
            "name": "dev-loop-alert-notification",
            "parameters": null,
            "platform_id": "service-manager",
            "ready": true,
            "referenced_instance_id": "",
            "serviceplan_id": "1a92101d-2e60-46f8-b41d-63489003dcd3",
            "shared": false,
            "state": "succeeded",
            "subaccount_id": "05f67b43-e237-4b6f-9d0b-718c71c28d09",
            "timeouts": null,
            "usable": true
          },
          "sensitive_attributes": [
            [
              {
                "type": "get_attr",
                "value": "parameters"
              }
            ]
          ],
          "identity_schema_version": 0,
          "identity": {
            "id": "0762937a-d463-4ede-aaea-de5ab15404c7",
            "subaccount_id": "05f67b43-e237-4b6f-9d0b-718c71c28d09"
          },
          "dependencies": [
            "btp_subaccount.project_subaccount",
            "module.srvc_baseline.btp_subaccount_entitlement.alert_notification_service_standard",
            "module.srvc_baseline.data.btp_subaccount_service_plan.alert_notification_service_standard"
          ]
        }
      ]
    },
    {
      "module": "module.srvc_baseline[\"dev_loop\"]",
      "mode": "managed",
      "type": "btp_subaccount_subscription",
      "name": "feature_flags_dashboard_app",
      "provider": "provider[\"registry.terraform.io/sap/btp\"]",
      "instances": [
        {
          "schema_version": 0,
          "attributes": {
            "additional_plan_features": null,
            "app_id": "feature-flags!b1765",
            "app_name": "feature-flags-dashboard",
            "authentication_provider": "XSUAA",
            "category": "Foundation / Cross Services",
            "commercial_app_name": "feature-flags-dashboard",
            "created_date": "2026-04-18T11:18:03Z",
            "customer_developed": false,
            "description": "The Feature Flags service allows you to enable or disable new features at runtime without redeploying or restarting the application. You can use feature flags to control code delivery, synchronized rollout, direct shipment, and fast rollback of features.",
            "display_name": "Feature Flags Service",
            "formation_solution_name": "",
            "globalaccount_id": "36c433d1-e688-6c00-ce29-2a29a7a758e9",
            "id": "e113219b-f31f-4741-a485-44cc602134af",
            "labels": null,
            "last_modified": "2026-04-18T11:18:05Z",
            "parameters": "{}",
            "plan_name": "dashboard",
            "platform_entity_id": "",
            "quota": 1,
            "state": "SUBSCRIBED",
            "subaccount_id": "05f67b43-e237-4b6f-9d0b-718c71c28d09",
            "subscribed_subaccount_id": "05f67b43-e237-4b6f-9d0b-718c71c28d09",
            "subscribed_tenant_id": "05f67b43-e237-4b6f-9d0b-718c71c28d09",
            "subscription_url": "https://dev-loop.feature-flags-dashboard.cfapps.us10.hana.ondemand.com",
            "supports_parameters_updates": false,
            "supports_plan_updates": false,
            "tenant_id": "faefaf02-0b2f-48e0-87e7-2d89c121dc25",
            "timeouts": null
          },
          "sensitive_attributes": [],
          "identity_schema_version": 0,
          "identity": {
            "app_name": "feature-flags-dashboard",
            "plan_name": "dashboard",
            "subaccount_id": "05f67b43-e237-4b6f-9d0b-718c71c28d09"
          },
          "dependencies": [
            "btp_subaccount.project_subaccount",
            "module.srvc_baseline.btp_subaccount_entitlement.feature_flags_dashboard_app"
          ]
        }
      ]
    },
    {
      "module": "module.srvc_baseline[\"dev_remap\"]",
      "mode": "data",
      "type": "btp_subaccount_service_plan",
      "name": "alert_notification_service_standard",
      "provider": "provider[\"registry.terraform.io/sap/btp\"]",
      "instances": [
        {
          "schema_version": 0,
          "attributes": {
            "bindable": false,
            "catalog_id": "760987b6-6277-4e0f-91e9-543a02d1631c",
            "catalog_name": "standard",
            "created_date": "2019-10-07T08:00:06Z",
            "description": "Allows consumption of SAP Alert Notification service events as well as posting custom events",
            "free": false,
            "id": "1a92101d-2e60-46f8-b41d-63489003dcd3",
            "last_modified": "2026-04-15T06:07:29Z",
            "name": "standard",
            "offering_name": "alert-notification",
            "ready": true,
            "serviceoffering_id": "6f3240fe-c9f9-4b7e-b8a5-7528269106a2",
            "shareable": false,
            "subaccount_id": "de381d48-fdfc-4ba7-bf17-4bbfd0a19342",
            "supported_platforms": [
              "CLOUDFOUNDRY",
              "KYMA",
              "OTHER"
            ]
          },
          "sensitive_attributes": [],
          "identity_schema_version": 0
        }
      ]
    },
    {
      "module": "module.srvc_baseline[\"dev_remap\"]",
      "mode": "managed",
      "type": "btp_subaccount_entitlement",
      "name": "alert_notification_service_standard",
      "provider": "provider[\"registry.terraform.io/sap/btp\"]",
      "instances": [
        {
          "schema_version": 1,
          "attributes": {
            "amount": null,
            "category": "ELASTIC_SERVICE",
            "created_date": "2026-04-21T07:43:54Z",
            "id": "alertnotificationservicecf",
            "last_modified": "2026-04-21T07:44:04Z",
            "plan_id": "alertnotificationservicecf",
            "plan_name": "standard",
            "plan_unique_identifier": "alertnotificationservicecf",
            "service_name": "alert-notification",
            "state": "OK",
            "subaccount_id": "de381d48-fdfc-4ba7-bf17-4bbfd0a19342"
          },
          "sensitive_attributes": [],
          "identity_schema_version": 0,
          "identity": {
            "plan_name": "standard",
            "service_name": "alert-notification",
            "subaccount_id": "de381d48-fdfc-4ba7-bf17-4bbfd0a19342"
          },
          "dependencies": [
            "btp_subaccount.project_subaccount"
          ]
        }
      ]
    },
    {
      "module": "module.srvc_baseline[\"dev_remap\"]",
      "mode": "managed",
      "type": "btp_subaccount_entitlement",
      "name": "feature_flags_dashboard_app",
      "provider": "provider[\"registry.terraform.io/sap/btp\"]",
      "instances": [
        {
          "schema_version": 1,
          "attributes": {
            "amount": null,
            "category": "APPLICATION",
            "created_date": "2026-04-21T07:43:54Z",
            "id": "feature-flags-dashboard",
            "last_modified": "2026-04-21T07:44:03Z",
            "plan_id": "feature-flags-dashboard",
            "plan_name": "dashboard",
            "plan_unique_identifier": "feature-flags-dashboard",
            "service_name": "feature-flags-dashboard",
            "state": "OK",
            "subaccount_id": "de381d48-fdfc-4ba7-bf17-4bbfd0a19342"
          },
          "sensitive_attributes": [],
          "identity_schema_version": 0,
          "identity": {
            "plan_name": "dashboard",
            "service_name": "feature-flags-dashboard",
            "subaccount_id": "de381d48-fdfc-4ba7-bf17-4bbfd0a19342"
          },
          "dependencies": [
            "btp_subaccount.project_subaccount"
          ]
        }
      ]
    },
    {
      "module": "module.srvc_baseline[\"dev_remap\"]",
      "mode": "managed",
      "type": "btp_subaccount_entitlement",
      "name": "feature_flags_service_lite",
      "provider": "provider[\"registry.terraform.io/sap/btp\"]",
      "instances": [
        {
          "schema_version": 1,
          "attributes": {
            "amount": null,
            "category": "ELASTIC_SERVICE",
            "created_date": "2026-04-21T07:43:27Z",
            "id": "feature-flags-lite",
            "last_modified": "2026-04-21T07:44:03Z",
            "plan_id": "feature-flags-lite",
            "plan_name": "lite",
            "plan_unique_identifier": "feature-flags-lite",
            "service_name": "feature-flags",
            "state": "OK",
            "subaccount_id": "de381d48-fdfc-4ba7-bf17-4bbfd0a19342"
          },
          "sensitive_attributes": [],
          "identity_schema_version": 0,
          "identity": {
            "plan_name": "lite",
            "service_name": "feature-flags",
            "subaccount_id": "de381d48-fdfc-4ba7-bf17-4bbfd0a19342"
          },
          "dependencies": [
            "btp_subaccount.project_subaccount"
          ]
        }
      ]
    },
    {
      "module": "module.srvc_baseline[\"dev_remap\"]",
      "mode": "managed",
      "type": "btp_subaccount_service_instance",
      "name": "alert_notification_service_standard",
      "provider": "provider[\"registry.terraform.io/sap/btp\"]",
      "instances": [
        {
          "schema_version": 0,
          "attributes": {
            "context": "{\"origin\":\"sapcp\",\"region\":\"cf-us10\",\"zone_id\":\"de381d48-fdfc-4ba7-bf17-4bbfd0a19342\",\"env_type\":\"sapcp\",\"platform\":\"sapcp\",\"subdomain\":\"dev-remap\",\"license_type\":\"TRIAL\",\"instance_name\":\"dev-remap-alert-notification\",\"subaccount_id\":\"de381d48-fdfc-4ba7-bf17-4bbfd0a19342\",\"crm_customer_id\":\"\",\"global_account_id\":\"2b4cf856-f192-4e8e-a848-f183e1e7df76\"}",
            "created_date": "2026-04-21T07:44:07Z",
            "dashboard_url": "",
            "id": "7bedf87d-5f8b-4749-8678-7c82770222cc",
            "labels": {},
            "last_modified": "2026-04-21T07:44:17Z",
            "name": "dev-remap-alert-notification",
            "parameters": null,
            "platform_id": "service-manager",
            "ready": true,
            "referenced_instance_id": "",
            "serviceplan_id": "1a92101d-2e60-46f8-b41d-63489003dcd3",
            "shared": false,
            "state": "succeeded",
            "subaccount_id": "de381d48-fdfc-4ba7-bf17-4bbfd0a19342",
            "timeouts": null,
            "usable": true
          },
          "sensitive_attributes": [
            [
              {
                "type": "get_attr",
                "value": "parameters"
              }
            ]
          ],
          "identity_schema_version": 0,
          "identity": {
            "id": "7bedf87d-5f8b-4749-8678-7c82770222cc",
            "subaccount_id": "de381d48-fdfc-4ba7-bf17-4bbfd0a19342"
          },
          "dependencies": [
            "btp_subaccount.project_subaccount",
            "module.srvc_baseline.btp_subaccount_entitlement.alert_notification_service_standard",
            "module.srvc_baseline.data.btp_subaccount_service_plan.alert_notification_service_standard"
          ]
        }
      ]
    },
    {
      "module": "module.srvc_baseline[\"dev_remap\"]",
      "mode": "managed",
      "type": "btp_subaccount_subscription",
      "name": "feature_flags_dashboard_app",
      "provider": "provider[\"registry.terraform.io/sap/btp\"]",
      "instances": [
        {
          "schema_version": 0,
          "attributes": {
            "additional_plan_features": null,
            "app_id": "feature-flags!b1765",
            "app_name": "feature-flags-dashboard",
            "authentication_provider": "XSUAA",
            "category": "Foundation / Cross Services",
            "commercial_app_name": "feature-flags-dashboard",
            "created_date": "2026-04-21T07:44:18Z",
            "customer_developed": false,
            "description": "The Feature Flags service allows you to enable or disable new features at runtime without redeploying or restarting the application. You can use feature flags to control code delivery, synchronized rollout, direct shipment, and fast rollback of features.",
            "display_name": "Feature Flags Service",
            "formation_solution_name": "",
            "globalaccount_id": "36c433d1-e688-6c00-ce29-2a29a7a758e9",
            "id": "8360d710-534c-49da-8157-77f458ca6ea2",
            "labels": null,
            "last_modified": "2026-04-21T07:44:20Z",
            "parameters": "{}",
            "plan_name": "dashboard",
            "platform_entity_id": "",
            "quota": 1,
            "state": "SUBSCRIBED",
            "subaccount_id": "de381d48-fdfc-4ba7-bf17-4bbfd0a19342",
            "subscribed_subaccount_id": "de381d48-fdfc-4ba7-bf17-4bbfd0a19342",
            "subscribed_tenant_id": "de381d48-fdfc-4ba7-bf17-4bbfd0a19342",
            "subscription_url": "https://dev-remap.feature-flags-dashboard.cfapps.us10.hana.ondemand.com",
            "supports_parameters_updates": false,
            "supports_plan_updates": false,
            "tenant_id": "faefaf02-0b2f-48e0-87e7-2d89c121dc25",
            "timeouts": null
          },
          "sensitive_attributes": [],
          "identity_schema_version": 0,
          "identity": {
            "app_name": "feature-flags-dashboard",
            "plan_name": "dashboard",
            "subaccount_id": "de381d48-fdfc-4ba7-bf17-4bbfd0a19342"
          },
          "dependencies": [
            "btp_subaccount.project_subaccount",
            "module.srvc_baseline.btp_subaccount_entitlement.feature_flags_dashboard_app"
          ]
        }
      ]
    },
    {
      "module": "module.srvc_baseline[\"qa_loop\"]",
      "mode": "data",
      "type": "btp_subaccount_service_plan",
      "name": "alert_notification_service_standard",
      "provider": "provider[\"registry.terraform.io/sap/btp\"]",
      "instances": [
        {
          "schema_version": 0,
          "attributes": {
            "bindable": false,
            "catalog_id": "760987b6-6277-4e0f-91e9-543a02d1631c",
            "catalog_name": "standard",
            "created_date": "2019-10-07T08:00:06Z",
            "description": "Allows consumption of SAP Alert Notification service events as well as posting custom events",
            "free": false,
            "id": "1a92101d-2e60-46f8-b41d-63489003dcd3",
            "last_modified": "2026-04-15T06:07:29Z",
            "name": "standard",
            "offering_name": "alert-notification",
            "ready": true,
            "serviceoffering_id": "6f3240fe-c9f9-4b7e-b8a5-7528269106a2",
            "shareable": false,
            "subaccount_id": "d878a64c-df80-4fc8-acb4-05a6245f688f",
            "supported_platforms": [
              "CLOUDFOUNDRY",
              "KYMA",
              "OTHER"
            ]
          },
          "sensitive_attributes": [],
          "identity_schema_version": 0
        }
      ]
    },
    {
      "module": "module.srvc_baseline[\"qa_loop\"]",
      "mode": "managed",
      "type": "btp_subaccount_entitlement",
      "name": "alert_notification_service_standard",
      "provider": "provider[\"registry.terraform.io/sap/btp\"]",
      "instances": [
        {
          "schema_version": 1,
          "attributes": {
            "amount": null,
            "category": "ELASTIC_SERVICE",
            "created_date": "2026-04-21T07:07:16Z",
            "id": "alertnotificationservicecf",
            "last_modified": "2026-04-21T07:07:28Z",
            "plan_id": "alertnotificationservicecf",
            "plan_name": "standard",
            "plan_unique_identifier": "alertnotificationservicecf",
            "service_name": "alert-notification",
            "state": "OK",
            "subaccount_id": "d878a64c-df80-4fc8-acb4-05a6245f688f"
          },
          "sensitive_attributes": [],
          "identity_schema_version": 0,
          "identity": {
            "plan_name": "standard",
            "service_name": "alert-notification",
            "subaccount_id": "d878a64c-df80-4fc8-acb4-05a6245f688f"
          },
          "dependencies": [
            "btp_subaccount.project_subaccount"
          ]
        }
      ]
    },
    {
      "module": "module.srvc_baseline[\"qa_loop\"]",
      "mode": "managed",
      "type": "btp_subaccount_entitlement",
      "name": "feature_flags_dashboard_app",
      "provider": "provider[\"registry.terraform.io/sap/btp\"]",
      "instances": [
        {
          "schema_version": 1,
          "attributes": {
            "amount": null,
            "category": "APPLICATION",
            "created_date": "2026-04-21T07:07:16Z",
            "id": "feature-flags-dashboard",
            "last_modified": "2026-04-21T07:07:28Z",
            "plan_id": "feature-flags-dashboard",
            "plan_name": "dashboard",
            "plan_unique_identifier": "feature-flags-dashboard",
            "service_name": "feature-flags-dashboard",
            "state": "OK",
            "subaccount_id": "d878a64c-df80-4fc8-acb4-05a6245f688f"
          },
          "sensitive_attributes": [],
          "identity_schema_version": 0,
          "identity": {
            "plan_name": "dashboard",
            "service_name": "feature-flags-dashboard",
            "subaccount_id": "d878a64c-df80-4fc8-acb4-05a6245f688f"
          },
          "dependencies": [
            "btp_subaccount.project_subaccount"
          ]
        }
      ]
    },
    {
      "module": "module.srvc_baseline[\"qa_loop\"]",
      "mode": "managed",
      "type": "btp_subaccount_entitlement",
      "name": "feature_flags_service_lite",
      "provider": "provider[\"registry.terraform.io/sap/btp\"]",
      "instances": [
        {
          "schema_version": 1,
          "attributes": {
            "amount": null,
            "category": "ELASTIC_SERVICE",
            "created_date": "2026-04-21T07:06:32Z",
            "id": "feature-flags-lite",
            "last_modified": "2026-04-21T07:07:24Z",
            "plan_id": "feature-flags-lite",
            "plan_name": "lite",
            "plan_unique_identifier": "feature-flags-lite",
            "service_name": "feature-flags",
            "state": "OK",
            "subaccount_id": "d878a64c-df80-4fc8-acb4-05a6245f688f"
          },
          "sensitive_attributes": [],
          "identity_schema_version": 0,
          "identity": {
            "plan_name": "lite",
            "service_name": "feature-flags",
            "subaccount_id": "d878a64c-df80-4fc8-acb4-05a6245f688f"
          },
          "dependencies": [
            "btp_subaccount.project_subaccount"
          ]
        }
      ]
    },
    {
      "module": "module.srvc_baseline[\"qa_loop\"]",
      "mode": "managed",
      "type": "btp_subaccount_service_instance",
      "name": "alert_notification_service_standard",
      "provider": "provider[\"registry.terraform.io/sap/btp\"]",
      "instances": [
        {
          "schema_version": 0,
          "attributes": {
            "context": "{\"origin\":\"sapcp\",\"region\":\"cf-us10\",\"zone_id\":\"d878a64c-df80-4fc8-acb4-05a6245f688f\",\"env_type\":\"sapcp\",\"platform\":\"sapcp\",\"subdomain\":\"qa-loop\",\"license_type\":\"TRIAL\",\"instance_name\":\"qa-loop-alert-notification\",\"subaccount_id\":\"d878a64c-df80-4fc8-acb4-05a6245f688f\",\"crm_customer_id\":\"\",\"global_account_id\":\"2b4cf856-f192-4e8e-a848-f183e1e7df76\"}",
            "created_date": "2026-04-21T07:07:39Z",
            "dashboard_url": "",
            "id": "1299c9a2-1ec0-4bc6-8515-898b262ea10c",
            "labels": {},
            "last_modified": "2026-04-21T07:07:45Z",
            "name": "qa-loop-alert-notification",
            "parameters": null,
            "platform_id": "service-manager",
            "ready": true,
            "referenced_instance_id": "",
            "serviceplan_id": "1a92101d-2e60-46f8-b41d-63489003dcd3",
            "shared": false,
            "state": "succeeded",
            "subaccount_id": "d878a64c-df80-4fc8-acb4-05a6245f688f",
            "timeouts": null,
            "usable": true
          },
          "sensitive_attributes": [
            [
              {
                "type": "get_attr",
                "value": "parameters"
              }
            ]
          ],
          "identity_schema_version": 0,
          "identity": {
            "id": "1299c9a2-1ec0-4bc6-8515-898b262ea10c",
            "subaccount_id": "d878a64c-df80-4fc8-acb4-05a6245f688f"
          },
          "dependencies": [
            "btp_subaccount.project_subaccount",
            "module.srvc_baseline.btp_subaccount_entitlement.alert_notification_service_standard",
            "module.srvc_baseline.data.btp_subaccount_service_plan.alert_notification_service_standard"
          ]
        }
      ]
    },
    {
      "module": "module.srvc_baseline[\"qa_loop\"]",
      "mode": "managed",
      "type": "btp_subaccount_subscription",
      "name": "feature_flags_dashboard_app",
      "provider": "provider[\"registry.terraform.io/sap/btp\"]",
      "instances": [
        {
          "schema_version": 0,
          "attributes": {
            "additional_plan_features": null,
            "app_id": "feature-flags!b1765",
            "app_name": "feature-flags-dashboard",
            "authentication_provider": "XSUAA",
            "category": "Foundation / Cross Services",
            "commercial_app_name": "feature-flags-dashboard",
            "created_date": "2026-04-21T07:07:45Z",
            "customer_developed": false,
            "description": "The Feature Flags service allows you to enable or disable new features at runtime without redeploying or restarting the application. You can use feature flags to control code delivery, synchronized rollout, direct shipment, and fast rollback of features.",
            "display_name": "Feature Flags Service",
            "formation_solution_name": "",
            "globalaccount_id": "36c433d1-e688-6c00-ce29-2a29a7a758e9",
            "id": "07dba4c4-8643-4349-8274-3b1d8b21707e",
            "labels": null,
            "last_modified": "2026-04-21T07:07:47Z",
            "parameters": "{}",
            "plan_name": "dashboard",
            "platform_entity_id": "",
            "quota": 1,
            "state": "SUBSCRIBED",
            "subaccount_id": "d878a64c-df80-4fc8-acb4-05a6245f688f",
            "subscribed_subaccount_id": "d878a64c-df80-4fc8-acb4-05a6245f688f",
            "subscribed_tenant_id": "d878a64c-df80-4fc8-acb4-05a6245f688f",
            "subscription_url": "https://qa-loop.feature-flags-dashboard.cfapps.us10.hana.ondemand.com",
            "supports_parameters_updates": false,
            "supports_plan_updates": false,
            "tenant_id": "faefaf02-0b2f-48e0-87e7-2d89c121dc25",
            "timeouts": null
          },
          "sensitive_attributes": [],
          "identity_schema_version": 0,
          "identity": {
            "app_name": "feature-flags-dashboard",
            "plan_name": "dashboard",
            "subaccount_id": "d878a64c-df80-4fc8-acb4-05a6245f688f"
          },
          "dependencies": [
            "btp_subaccount.project_subaccount",
            "module.srvc_baseline.btp_subaccount_entitlement.feature_flags_dashboard_app"
          ]
        }
      ]
    },
    {
      "module": "module.srvc_baseline[\"qa_remap\"]",
      "mode": "data",
      "type": "btp_subaccount_service_plan",
      "name": "alert_notification_service_standard",
      "provider": "provider[\"registry.terraform.io/sap/btp\"]",
      "instances": [
        {
          "schema_version": 0,
          "attributes": {
            "bindable": false,
            "catalog_id": "760987b6-6277-4e0f-91e9-543a02d1631c",
            "catalog_name": "standard",
            "created_date": "2019-10-07T08:00:06Z",
            "description": "Allows consumption of SAP Alert Notification service events as well as posting custom events",
            "free": false,
            "id": "1a92101d-2e60-46f8-b41d-63489003dcd3",
            "last_modified": "2026-04-15T06:07:29Z",
            "name": "standard",
            "offering_name": "alert-notification",
            "ready": true,
            "serviceoffering_id": "6f3240fe-c9f9-4b7e-b8a5-7528269106a2",
            "shareable": false,
            "subaccount_id": "7345d5b3-3f35-458f-89fd-053ae3e81b40",
            "supported_platforms": [
              "CLOUDFOUNDRY",
              "KYMA",
              "OTHER"
            ]
          },
          "sensitive_attributes": [],
          "identity_schema_version": 0
        }
      ]
    },
    {
      "module": "module.srvc_baseline[\"qa_remap\"]",
      "mode": "managed",
      "type": "btp_subaccount_entitlement",
      "name": "alert_notification_service_standard",
      "provider": "provider[\"registry.terraform.io/sap/btp\"]",
      "instances": [
        {
          "schema_version": 1,
          "attributes": {
            "amount": null,
            "category": "ELASTIC_SERVICE",
            "created_date": "2026-04-21T11:03:17Z",
            "id": "alertnotificationservicecf",
            "last_modified": "2026-04-21T11:03:23Z",
            "plan_id": "alertnotificationservicecf",
            "plan_name": "standard",
            "plan_unique_identifier": "alertnotificationservicecf",
            "service_name": "alert-notification",
            "state": "OK",
            "subaccount_id": "7345d5b3-3f35-458f-89fd-053ae3e81b40"
          },
          "sensitive_attributes": [],
          "identity_schema_version": 0,
          "identity": {
            "plan_name": "standard",
            "service_name": "alert-notification",
            "subaccount_id": "7345d5b3-3f35-458f-89fd-053ae3e81b40"
          },
          "dependencies": [
            "btp_subaccount.project_subaccount"
          ]
        }
      ]
    },
    {
      "module": "module.srvc_baseline[\"qa_remap\"]",
      "mode": "managed",
      "type": "btp_subaccount_entitlement",
      "name": "feature_flags_dashboard_app",
      "provider": "provider[\"registry.terraform.io/sap/btp\"]",
      "instances": [
        {
          "schema_version": 1,
          "attributes": {
            "amount": null,
            "category": "APPLICATION",
            "created_date": "2026-04-21T11:03:17Z",
            "id": "feature-flags-dashboard",
            "last_modified": "2026-04-21T11:03:20Z",
            "plan_id": "feature-flags-dashboard",
            "plan_name": "dashboard",
            "plan_unique_identifier": "feature-flags-dashboard",
            "service_name": "feature-flags-dashboard",
            "state": "OK",
            "subaccount_id": "7345d5b3-3f35-458f-89fd-053ae3e81b40"
          },
          "sensitive_attributes": [],
          "identity_schema_version": 0,
          "identity": {
            "plan_name": "dashboard",
            "service_name": "feature-flags-dashboard",
            "subaccount_id": "7345d5b3-3f35-458f-89fd-053ae3e81b40"
          },
          "dependencies": [
            "btp_subaccount.project_subaccount"
          ]
        }
      ]
    },
    {
      "module": "module.srvc_baseline[\"qa_remap\"]",
      "mode": "managed",
      "type": "btp_subaccount_entitlement",
      "name": "feature_flags_service_lite",
      "provider": "provider[\"registry.terraform.io/sap/btp\"]",
      "instances": [
        {
          "schema_version": 1,
          "attributes": {
            "amount": null,
            "category": "ELASTIC_SERVICE",
            "created_date": "2026-04-21T11:02:50Z",
            "id": "feature-flags-lite",
            "last_modified": "2026-04-21T11:03:20Z",
            "plan_id": "feature-flags-lite",
            "plan_name": "lite",
            "plan_unique_identifier": "feature-flags-lite",
            "service_name": "feature-flags",
            "state": "OK",
            "subaccount_id": "7345d5b3-3f35-458f-89fd-053ae3e81b40"
          },
          "sensitive_attributes": [],
          "identity_schema_version": 0,
          "identity": {
            "plan_name": "lite",
            "service_name": "feature-flags",
            "subaccount_id": "7345d5b3-3f35-458f-89fd-053ae3e81b40"
          },
          "dependencies": [
            "btp_subaccount.project_subaccount"
          ]
        }
      ]
    },
    {
      "module": "module.srvc_baseline[\"qa_remap\"]",
      "mode": "managed",
      "type": "btp_subaccount_service_instance",
      "name": "alert_notification_service_standard",
      "provider": "provider[\"registry.terraform.io/sap/btp\"]",
      "instances": [
        {
          "schema_version": 0,
          "attributes": {
            "context": "{\"origin\":\"sapcp\",\"region\":\"cf-us10\",\"zone_id\":\"7345d5b3-3f35-458f-89fd-053ae3e81b40\",\"env_type\":\"sapcp\",\"platform\":\"sapcp\",\"subdomain\":\"qa-remap\",\"license_type\":\"TRIAL\",\"instance_name\":\"qa-remap-alert-notification\",\"subaccount_id\":\"7345d5b3-3f35-458f-89fd-053ae3e81b40\",\"crm_customer_id\":\"\",\"global_account_id\":\"2b4cf856-f192-4e8e-a848-f183e1e7df76\"}",
            "created_date": "2026-04-21T11:03:29Z",
            "dashboard_url": "",
            "id": "2f5a71a7-c437-44f6-984f-b85615dd5b82",
            "labels": {},
            "last_modified": "2026-04-21T11:03:34Z",
            "name": "qa-remap-alert-notification",
            "parameters": null,
            "platform_id": "service-manager",
            "ready": true,
            "referenced_instance_id": "",
            "serviceplan_id": "1a92101d-2e60-46f8-b41d-63489003dcd3",
            "shared": false,
            "state": "succeeded",
            "subaccount_id": "7345d5b3-3f35-458f-89fd-053ae3e81b40",
            "timeouts": null,
            "usable": true
          },
          "sensitive_attributes": [
            [
              {
                "type": "get_attr",
                "value": "parameters"
              }
            ]
          ],
          "identity_schema_version": 0,
          "identity": {
            "id": "2f5a71a7-c437-44f6-984f-b85615dd5b82",
            "subaccount_id": "7345d5b3-3f35-458f-89fd-053ae3e81b40"
          },
          "dependencies": [
            "btp_subaccount.project_subaccount",
            "module.srvc_baseline.btp_subaccount_entitlement.alert_notification_service_standard",
            "module.srvc_baseline.data.btp_subaccount_service_plan.alert_notification_service_standard"
          ]
        }
      ]
    },
    {
      "module": "module.srvc_baseline[\"qa_remap\"]",
      "mode": "managed",
      "type": "btp_subaccount_subscription",
      "name": "feature_flags_dashboard_app",
      "provider": "provider[\"registry.terraform.io/sap/btp\"]",
      "instances": [
        {
          "schema_version": 0,
          "attributes": {
            "additional_plan_features": null,
            "app_id": "feature-flags!b1765",
            "app_name": "feature-flags-dashboard",
            "authentication_provider": "XSUAA",
            "category": "Foundation / Cross Services",
            "commercial_app_name": "feature-flags-dashboard",
            "created_date": "2026-04-21T11:03:36Z",
            "customer_developed": false,
            "description": "The Feature Flags service allows you to enable or disable new features at runtime without redeploying or restarting the application. You can use feature flags to control code delivery, synchronized rollout, direct shipment, and fast rollback of features.",
            "display_name": "Feature Flags Service",
            "formation_solution_name": "",
            "globalaccount_id": "36c433d1-e688-6c00-ce29-2a29a7a758e9",
            "id": "9263dc77-a68c-4007-802d-b872b32d5d9d",
            "labels": null,
            "last_modified": "2026-04-21T11:03:38Z",
            "parameters": "{}",
            "plan_name": "dashboard",
            "platform_entity_id": "",
            "quota": 1,
            "state": "SUBSCRIBED",
            "subaccount_id": "7345d5b3-3f35-458f-89fd-053ae3e81b40",
            "subscribed_subaccount_id": "7345d5b3-3f35-458f-89fd-053ae3e81b40",
            "subscribed_tenant_id": "7345d5b3-3f35-458f-89fd-053ae3e81b40",
            "subscription_url": "https://qa-remap.feature-flags-dashboard.cfapps.us10.hana.ondemand.com",
            "supports_parameters_updates": false,
            "supports_plan_updates": false,
            "tenant_id": "faefaf02-0b2f-48e0-87e7-2d89c121dc25",
            "timeouts": null
          },
          "sensitive_attributes": [],
          "identity_schema_version": 0,
          "identity": {
            "app_name": "feature-flags-dashboard",
            "plan_name": "dashboard",
            "subaccount_id": "7345d5b3-3f35-458f-89fd-053ae3e81b40"
          },
          "dependencies": [
            "btp_subaccount.project_subaccount",
            "module.srvc_baseline.btp_subaccount_entitlement.feature_flags_dashboard_app"
          ]
        }
      ]
    }
  ],
  "check_results": [
    {
      "object_kind": "var",
      "config_addr": "module.srvc_baseline.var.subaccount_stage",
      "status": "pass",
      "objects": [
        {
          "object_addr": "module.srvc_baseline[\"qa_loop\"].var.subaccount_stage",
          "status": "pass"
        },
        {
          "object_addr": "module.srvc_baseline[\"qa_remap\"].var.subaccount_stage",
          "status": "pass"
        },
        {
          "object_addr": "module.srvc_baseline[\"dev_learning\"].var.subaccount_stage",
          "status": "pass"
        },
        {
          "object_addr": "module.srvc_baseline[\"dev_loop\"].var.subaccount_stage",
          "status": "pass"
        },
        {
          "object_addr": "module.srvc_baseline[\"dev_remap\"].var.subaccount_stage",
          "status": "pass"
        }
      ]
    },
    {
      "object_kind": "var",
      "config_addr": "var.subaccounts",
      "status": "pass",
      "objects": [
        {
          "object_addr": "var.subaccounts",
          "status": "pass"
        }
      ]
    }
  ]
}
